
Microsoft Visual Studio Solution File, Format Version 12.00
# Visual Studio Version 17
VisualStudioVersion = 17.6.33723.286
MinimumVisualStudioVersion = 10.0.40219.1
Project("{9A19103F-16F7-4668-BE54-9A1E7A4F7556}") = "Backend.API", "Backend.API\Backend.API.csproj", "{FE2AD54F-3E8A-4C40-91C8-9AB9D5E02ABA}"
EndProject
Global
	GlobalSection(SolutionConfigurationPlatforms) = preSolution
		Debug|Any CPU = Debug|Any CPU
		Release|Any CPU = Release|Any CPU
	EndGlobalSection
	GlobalSection(ProjectConfigurationPlatforms) = postSolution
		{FE2AD54F-3E8A-4C40-91C8-9AB9D5E02ABA}.Debug|Any CPU.ActiveCfg = Debug|Any CPU
		{FE2AD54F-3E8A-4C40-91C8-9AB9D5E02ABA}.Debug|Any CPU.Build.0 = Debug|Any CPU
		{FE2AD54F-3E8A-4C40-91C8-9AB9D5E02ABA}.Release|Any CPU.ActiveCfg = Release|Any CPU
		{FE2AD54F-3E8A-4C40-91C8-9AB9D5E02ABA}.Release|Any CPU.Build.0 = Release|Any CPU
	EndGlobalSection
	GlobalSection(SolutionProperties) = preSolution
		HideSolutionNode = FALSE
	EndGlobalSection
	GlobalSection(ExtensibilityGlobals) = postSolution
		SolutionGuid = {993D024E-C485-4805-AEDC-91AA68EF3BFC}
	EndGlobalSection
EndGlobal
